Microsoft Visual Studio Solution File, Format Version 12.00
# Visual Studio Version 17
VisualStudioVersion = 17.5.2.0
MinimumVisualStudioVersion = 10.0.40219.1
Project("{FAE04EC0-301F-11D3-BF4B-00C04F79EFBC}") = "jumper", "jumper.csproj", "{79669CE2-0EE2-B623-C754-AE7A54C643A5}"
EndProject
Global
	GlobalSection(SolutionConfigurationPlatforms) = preSolution
		Debug|Any CPU = Debug|Any CPU
		Release|Any CPU = Release|Any CPU
	EndGlobalSection
	GlobalSection(ProjectConfigurationPlatforms) = postSolution
		{79669CE2-0EE2-B623-C754-AE7A54C643A5}.Debug|Any CPU.ActiveCfg = Debug|Any CPU
		{79669CE2-0EE2-B623-C754-AE7A54C643A5}.Debug|Any CPU.Build.0 = Debug|Any CPU
		{79669CE2-0EE2-B623-C754-AE7A54C643A5}.Release|Any CPU.ActiveCfg = Release|Any CPU
		{79669CE2-0EE2-B623-C754-AE7A54C643A5}.Release|Any CPU.Build.0 = Release|Any CPU
	EndGlobalSection
	GlobalSection(SolutionProperties) = preSolution
		HideSolutionNode = FALSE
	EndGlobalSection
	GlobalSection(ExtensibilityGlobals) = postSolution
		SolutionGuid = {2EFD54E9-C3A8-428F-BE8F-8C9E996135B2}
	EndGlobalSection
EndGlobal
